
Microsoft Visual Studio Solution File, Format Version 12.00
# Visual Studio Version 17
VisualStudioVersion = 17.8.34511.84
MinimumVisualStudioVersion = 10.0.40219.1
Project("{2150E333-8FDC-42A3-9474-1A3956D46DE8}") = "Src", "Src", "{42451862-94B8-42C6-9975-81B789CC8345}"
EndProject
Project("{2150E333-8FDC-42A3-9474-1A3956D46DE8}") = "Tests", "Tests", "{9EAFCA8C-BB55-422F-A826-F3264C692336}"
EndProject
Project("{2150E333-8FDC-42A3-9474-1A3956D46DE8}") = "Doc", "Doc", "{C093B762-9288-407D-A69E-8A5E76B493EA}"
EndProject
Project("{2150E333-8FDC-42A3-9474-1A3956D46DE8}") = "Presentation", "Presentation", "{CCF02286-8EC4-43E3-B595-C22902BDA0DB}"
EndProject
Project("{2150E333-8FDC-42A3-9474-1A3956D46DE8}") = "Infrastructure", "Infrastructure", "{F2E54F98-BF3E-4DC6-AD21-02E8B982058D}"
EndProject
Project("{2150E333-8FDC-42A3-9474-1A3956D46DE8}") = "Application", "Application", "{314E5032-EB4D-4E41-9DA6-83E0E370C85C}"
EndProject
Project("{2150E333-8FDC-42A3-9474-1A3956D46DE8}") = "Domain", "Domain", "{9F0CC918-5DDD-45D9-9E17-FD5DC8F21B50}"
EndProject
Project("{9A19103F-16F7-4668-BE54-9A1E7A4F7556}") = "HTML2EXCEL.Application", "HTML2EXCEL.Application\HTML2EXCEL.Application.csproj", "{7115AC53-F795-44AE-A421-60369DF65F80}"
EndProject
Project("{9A19103F-16F7-4668-BE54-9A1E7A4F7556}") = "HTML2EXCEL.Domain", "HTML2EXCEL.Domain\HTML2EXCEL.Domain.csproj", "{2D864A0B-2FF4-460A-9A37-5FC7FBF6517B}"
EndProject
Project("{9A19103F-16F7-4668-BE54-9A1E7A4F7556}") = "HTML2EXCEL.Infrastructure", "HTML2EXCEL.Infrastructure\HTML2EXCEL.Infrastructure.csproj", "{EC9411D3-77F8-40BC-90ED-257081E48CA9}"
EndProject
Project("{9A19103F-16F7-4668-BE54-9A1E7A4F7556}") = "HTML2EXCEL.Persistence", "HTML2EXCEL.Persistence\HTML2EXCEL.Persistence.csproj", "{7371090B-15DF-44D9-B813-81DC85723F0F}"
EndProject
Project("{9A19103F-16F7-4668-BE54-9A1E7A4F7556}") = "HTML2EXCEL.ConsoleApp", "HTML2EXCEL.ConsoleApp\HTML2EXCEL.ConsoleApp.csproj", "{712D01BD-3249-469B-A63F-D6ED1BA88F6C}"
EndProject
Global
	GlobalSection(SolutionConfigurationPlatforms) = preSolution
		Debug|Any CPU = Debug|Any CPU
		Release|Any CPU = Release|Any CPU
	EndGlobalSection
	GlobalSection(ProjectConfigurationPlatforms) = postSolution
		{7115AC53-F795-44AE-A421-60369DF65F80}.Debug|Any CPU.ActiveCfg = Debug|Any CPU
		{7115AC53-F795-44AE-A421-60369DF65F80}.Debug|Any CPU.Build.0 = Debug|Any CPU
		{7115AC53-F795-44AE-A421-60369DF65F80}.Release|Any CPU.ActiveCfg = Release|Any CPU
		{7115AC53-F795-44AE-A421-60369DF65F80}.Release|Any CPU.Build.0 = Release|Any CPU
		{2D864A0B-2FF4-460A-9A37-5FC7FBF6517B}.Debug|Any CPU.ActiveCfg = Debug|Any CPU
		{2D864A0B-2FF4-460A-9A37-5FC7FBF6517B}.Debug|Any CPU.Build.0 = Debug|Any CPU
		{2D864A0B-2FF4-460A-9A37-5FC7FBF6517B}.Release|Any CPU.ActiveCfg = Release|Any CPU
		{2D864A0B-2FF4-460A-9A37-5FC7FBF6517B}.Release|Any CPU.Build.0 = Release|Any CPU
		{EC9411D3-77F8-40BC-90ED-257081E48CA9}.Debug|Any CPU.ActiveCfg = Debug|Any CPU
		{EC9411D3-77F8-40BC-90ED-257081E48CA9}.Debug|Any CPU.Build.0 = Debug|Any CPU
		{EC9411D3-77F8-40BC-90ED-257081E48CA9}.Release|Any CPU.ActiveCfg = Release|Any CPU
		{EC9411D3-77F8-40BC-90ED-257081E48CA9}.Release|Any CPU.Build.0 = Release|Any CPU
		{7371090B-15DF-44D9-B813-81DC85723F0F}.Debug|Any CPU.ActiveCfg = Debug|Any CPU
		{7371090B-15DF-44D9-B813-81DC85723F0F}.Debug|Any CPU.Build.0 = Debug|Any CPU
		{7371090B-15DF-44D9-B813-81DC85723F0F}.Release|Any CPU.ActiveCfg = Release|Any CPU
		{7371090B-15DF-44D9-B813-81DC85723F0F}.Release|Any CPU.Build.0 = Release|Any CPU
		{712D01BD-3249-469B-A63F-D6ED1BA88F6C}.Debug|Any CPU.ActiveCfg = Debug|Any CPU
		{712D01BD-3249-469B-A63F-D6ED1BA88F6C}.Debug|Any CPU.Build.0 = Debug|Any CPU
		{712D01BD-3249-469B-A63F-D6ED1BA88F6C}.Release|Any CPU.ActiveCfg = Release|Any CPU
		{712D01BD-3249-469B-A63F-D6ED1BA88F6C}.Release|Any CPU.Build.0 = Release|Any CPU
	EndGlobalSection
	GlobalSection(SolutionProperties) = preSolution
		HideSolutionNode = FALSE
	EndGlobalSection
	GlobalSection(NestedProjects) = preSolution
		{CCF02286-8EC4-43E3-B595-C22902BDA0DB} = {42451862-94B8-42C6-9975-81B789CC8345}
		{F2E54F98-BF3E-4DC6-AD21-02E8B982058D} = {42451862-94B8-42C6-9975-81B789CC8345}
		{314E5032-EB4D-4E41-9DA6-83E0E370C85C} = {42451862-94B8-42C6-9975-81B789CC8345}
		{9F0CC918-5DDD-45D9-9E17-FD5DC8F21B50} = {42451862-94B8-42C6-9975-81B789CC8345}
		{7115AC53-F795-44AE-A421-60369DF65F80} = {314E5032-EB4D-4E41-9DA6-83E0E370C85C}
		{2D864A0B-2FF4-460A-9A37-5FC7FBF6517B} = {9F0CC918-5DDD-45D9-9E17-FD5DC8F21B50}
		{EC9411D3-77F8-40BC-90ED-257081E48CA9} = {F2E54F98-BF3E-4DC6-AD21-02E8B982058D}
		{7371090B-15DF-44D9-B813-81DC85723F0F} = {F2E54F98-BF3E-4DC6-AD21-02E8B982058D}
		{712D01BD-3249-469B-A63F-D6ED1BA88F6C} = {CCF02286-8EC4-43E3-B595-C22902BDA0DB}
	EndGlobalSection
	GlobalSection(ExtensibilityGlobals) = postSolution
		SolutionGuid = {92E2E554-D8A2-41D8-A010-FA46EE16788F}
	EndGlobalSection
EndGlobal
